{
  "name": "_test",
  "version": "1.0.0",
  "lockfileVersion": 3,
  "requires": true,
  "packages": {
    "": {
      "name": "_test",
      "version": "1.0.0",
      "license": "ISC",
      "dependencies": {
        "vaultwarden.js": "^1.0.1"
      }
    },
    "node_modules/vaultwarden.js": {
      "version": "1.0.1",
      "resolved": "https://registry.npmjs.org/vaultwarden.js/-/vaultwarden.js-1.0.1.tgz",
      "integrity": "sha512-R/LT36EMuJmaWdbsYwO73fNKq1SCB7qq1/zc8APUhx39FH9/aMMdwSLb7dHF1CCllw84lLVFtK2ZObe3oa8IKw==",
      "license": "MIT",
      "engines": {
        "node": ">=18.0.0"
      }
    }
  }
}
